
Microsoft Visual Studio Solution File, Format Version 12.00
# Visual Studio 15
VisualStudioVersion = 15.0.28307.329
MinimumVisualStudioVersion = 10.0.40219.1
Project("{9A19103F-16F7-4668-BE54-9A1E7A4F7556}") = "Orion.Api", "Orion.Api\Orion.Api.csproj", "{1BBAE122-18E9-458D-8B08-4C1AABB98ED3}"
EndProject
Project("{9A19103F-16F7-4668-BE54-9A1E7A4F7556}") = "Orion.Core", "Orion.Core\Orion.Core.csproj", "{E239A7D4-DBEE-48F3-BFF1-36DA252B7AF5}"
EndProject
Project("{9A19103F-16F7-4668-BE54-9A1E7A4F7556}") = "Orion.Data", "Orion.Data\Orion.Data.csproj", "{8A4B2574-EC5A-421D-A989-B67AF6146C5D}"
EndProject
Project("{9A19103F-16F7-4668-BE54-9A1E7A4F7556}") = "Orion.App", "Orion.App\Orion.App.csproj", "{628DBD2B-4827-44BC-A00F-DCFE04E2FE12}"
EndProject
Global
	GlobalSection(SolutionConfigurationPlatforms) = preSolution
		Debug|Any CPU = Debug|Any CPU
		Release|Any CPU = Release|Any CPU
	EndGlobalSection
	GlobalSection(ProjectConfigurationPlatforms) = postSolution
		{1BBAE122-18E9-458D-8B08-4C1AABB98ED3}.Debug|Any CPU.ActiveCfg = Debug|Any CPU
		{1BBAE122-18E9-458D-8B08-4C1AABB98ED3}.Debug|Any CPU.Build.0 = Debug|Any CPU
		{1BBAE122-18E9-458D-8B08-4C1AABB98ED3}.Release|Any CPU.ActiveCfg = Release|Any CPU
		{1BBAE122-18E9-458D-8B08-4C1AABB98ED3}.Release|Any CPU.Build.0 = Release|Any CPU
		{E239A7D4-DBEE-48F3-BFF1-36DA252B7AF5}.Debug|Any CPU.ActiveCfg = Debug|Any CPU
		{E239A7D4-DBEE-48F3-BFF1-36DA252B7AF5}.Debug|Any CPU.Build.0 = Debug|Any CPU
		{E239A7D4-DBEE-48F3-BFF1-36DA252B7AF5}.Release|Any CPU.ActiveCfg = Release|Any CPU
		{E239A7D4-DBEE-48F3-BFF1-36DA252B7AF5}.Release|Any CPU.Build.0 = Release|Any CPU
		{8A4B2574-EC5A-421D-A989-B67AF6146C5D}.Debug|Any CPU.ActiveCfg = Debug|Any CPU
		{8A4B2574-EC5A-421D-A989-B67AF6146C5D}.Debug|Any CPU.Build.0 = Debug|Any CPU
		{8A4B2574-EC5A-421D-A989-B67AF6146C5D}.Release|Any CPU.ActiveCfg = Release|Any CPU
		{8A4B2574-EC5A-421D-A989-B67AF6146C5D}.Release|Any CPU.Build.0 = Release|Any CPU
		{628DBD2B-4827-44BC-A00F-DCFE04E2FE12}.Debug|Any CPU.ActiveCfg = Debug|Any CPU
		{628DBD2B-4827-44BC-A00F-DCFE04E2FE12}.Debug|Any CPU.Build.0 = Debug|Any CPU
		{628DBD2B-4827-44BC-A00F-DCFE04E2FE12}.Release|Any CPU.ActiveCfg = Release|Any CPU
		{628DBD2B-4827-44BC-A00F-DCFE04E2FE12}.Release|Any CPU.Build.0 = Release|Any CPU
	EndGlobalSection
	GlobalSection(SolutionProperties) = preSolution
		HideSolutionNode = FALSE
	EndGlobalSection
	GlobalSection(ExtensibilityGlobals) = postSolution
		SolutionGuid = {185C79D7-60B2-4CC1-AC18-2C48A3E66DF6}
	EndGlobalSection
EndGlobal
